
Microsoft Visual Studio Solution File, Format Version 12.00
Project("{FAE04EC0-301F-11D3-BF4B-00C04F79EFBC}") = "Tuxedo.SourceGenerator.Tests", "Tuxedo.SourceGenerator.Tests\Tuxedo.SourceGenerator.Tests.csproj", "{B724B08A-9CEB-4E61-B086-22DEF99FAA2A}"
EndProject
Project("{FAE04EC0-301F-11D3-BF4B-00C04F79EFBC}") = "Tuxedo.Docs", "Tuxedo.Docs\Tuxedo.Docs.csproj", "{46FB68E3-DF07-42F7-AD0F-AC1E423CB66D}"
EndProject
Project("{FAE04EC0-301F-11D3-BF4B-00C04F79EFBC}") = "Tuxedo.SourceGenerator", "Tuxedo.SourceGenerator\Tuxedo.SourceGenerator.csproj", "{DCA9A8E2-9122-47F7-BD78-8DE0FD863E9A}"
EndProject
Project("{FAE04EC0-301F-11D3-BF4B-00C04F79EFBC}") = "Tuxedo.Examples", "Tuxedo.Examples\Tuxedo.Examples.csproj", "{A061FF5B-26C8-4828-BAF9-C1B26CE925DA}"
EndProject
Global
	GlobalSection(SolutionConfigurationPlatforms) = preSolution
		Debug|Any CPU = Debug|Any CPU
		Release|Any CPU = Release|Any CPU
	EndGlobalSection
	GlobalSection(ProjectConfigurationPlatforms) = postSolution
		{B724B08A-9CEB-4E61-B086-22DEF99FAA2A}.Debug|Any CPU.ActiveCfg = Debug|Any CPU
		{B724B08A-9CEB-4E61-B086-22DEF99FAA2A}.Debug|Any CPU.Build.0 = Debug|Any CPU
		{B724B08A-9CEB-4E61-B086-22DEF99FAA2A}.Release|Any CPU.ActiveCfg = Release|Any CPU
		{B724B08A-9CEB-4E61-B086-22DEF99FAA2A}.Release|Any CPU.Build.0 = Release|Any CPU
		{46FB68E3-DF07-42F7-AD0F-AC1E423CB66D}.Debug|Any CPU.ActiveCfg = Debug|Any CPU
		{46FB68E3-DF07-42F7-AD0F-AC1E423CB66D}.Debug|Any CPU.Build.0 = Debug|Any CPU
		{46FB68E3-DF07-42F7-AD0F-AC1E423CB66D}.Release|Any CPU.ActiveCfg = Release|Any CPU
		{46FB68E3-DF07-42F7-AD0F-AC1E423CB66D}.Release|Any CPU.Build.0 = Release|Any CPU
		{DCA9A8E2-9122-47F7-BD78-8DE0FD863E9A}.Debug|Any CPU.ActiveCfg = Debug|Any CPU
		{DCA9A8E2-9122-47F7-BD78-8DE0FD863E9A}.Debug|Any CPU.Build.0 = Debug|Any CPU
		{DCA9A8E2-9122-47F7-BD78-8DE0FD863E9A}.Release|Any CPU.ActiveCfg = Release|Any CPU
		{DCA9A8E2-9122-47F7-BD78-8DE0FD863E9A}.Release|Any CPU.Build.0 = Release|Any CPU
		{A061FF5B-26C8-4828-BAF9-C1B26CE925DA}.Debug|Any CPU.ActiveCfg = Debug|Any CPU
		{A061FF5B-26C8-4828-BAF9-C1B26CE925DA}.Debug|Any CPU.Build.0 = Debug|Any CPU
		{A061FF5B-26C8-4828-BAF9-C1B26CE925DA}.Release|Any CPU.ActiveCfg = Release|Any CPU
		{A061FF5B-26C8-4828-BAF9-C1B26CE925DA}.Release|Any CPU.Build.0 = Release|Any CPU
	EndGlobalSection
EndGlobal
